{
  "pins" : [
    {
      "identity" : "jsonrpc.swift",
      "kind" : "remoteSourceControl",
      "location" : "https://github.com/tesseract-one/JsonRPC.swift.git",
      "state" : {
        "branch" : "main",
        "revision" : "664a5b395b7c3238a5f8071221a40f38c0ec832e"
      }
    },
    {
      "identity" : "serializable.swift",
      "kind" : "remoteSourceControl",
      "location" : "https://github.com/tesseract-one/Serializable.swift.git",
      "state" : {
        "revision" : "c87eeea3f1c8b2d71b33f6ff83076430c6126e0b",
        "version" : "0.2.3"
      }
    }
  ],
  "version" : 2
}
