// !$*UTF8*$!
{
	archiveVersion = 1;
	classes = {
	};
	objectVersion = 56;
	objects = {

/* Begin PBXBuildFile section */
		5804C2DC29809BAA00DE121A /* Test_ProjectApp.swift in Sources */ = {isa = PBXBuildFile; fileRef = 5804C2DB29809BAA00DE121A /* Test_ProjectApp.swift */; };
		5804C2DE29809BAA00DE121A /* Persistence.swift in Sources */ = {isa = PBXBuildFile; fileRef = 5804C2DD29809BAA00DE121A /* Persistence.swift */; };
		5804C2E129809BAA00DE121A /* Test_Project.xcdatamodeld in Sources */ = {isa = PBXBuildFile; fileRef = 5804C2DF29809BAA00DE121A /* Test_Project.xcdatamodeld */; };
		5804C2E329809BAA00DE121A /* ContentView.swift in Sources */ = {isa = PBXBuildFile; fileRef = 5804C2E229809BAA00DE121A /* ContentView.swift */; };
		5804C2E529809BAB00DE121A /* Assets.xcassets in Resources */ = {isa = PBXBuildFile; fileRef = 5804C2E429809BAB00DE121A /* Assets.xcassets */; };
		5804C2E929809BAB00DE121A /* Preview Assets.xcassets in Resources */ = {isa = PBXBuildFile; fileRef = 5804C2E829809BAB00DE121A /* Preview Assets.xcassets */; };
		5804C2F329809BAB00DE121A /* Test_ProjectTests.swift in Sources */ = {isa = PBXBuildFile; fileRef = 5804C2F229809BAB00DE121A /* Test_ProjectTests.swift */; };
		5804C2FD29809BAB00DE121A /* Test_ProjectUITests.swift in Sources */ = {isa = PBXBuildFile; fileRef = 5804C2FC29809BAB00DE121A /* Test_ProjectUITests.swift */; };
		5804C2FF29809BAB00DE121A /* Test_ProjectUITestsLaunchTests.swift in Sources */ = {isa = PBXBuildFile; fileRef = 5804C2FE29809BAB00DE121A /* Test_ProjectUITestsLaunchTests.swift */; };
		589C6CE4298A038B00D1DDC3 /* JsonRPC in Frameworks */ = {isa = PBXBuildFile; productRef = 589C6CE3298A038B00D1DDC3 /* JsonRPC */; };
		589C6CE6298A038B00D1DDC3 /* JsonRPCSerializable in Frameworks */ = {isa = PBXBuildFile; productRef = 589C6CE5298A038B00D1DDC3 /* JsonRPCSerializable */; };
		58DC4FC2298B433A00045B6E /* ProcStat.swift in Sources */ = {isa = PBXBuildFile; fileRef = 58DC4FC1298B433A00045B6E /* ProcStat.swift */; };
		58DC4FC5298B4DD100045B6E /* ServerWebsocketId.swift in Sources */ = {isa = PBXBuildFile; fileRef = 58DC4FC4298B4DD100045B6E /* ServerWebsocketId.swift */; };
		58DC4FC8298B4E0A00045B6E /* ServerInfo.swift in Sources */ = {isa = PBXBuildFile; fileRef = 58DC4FC7298B4E0A00045B6E /* ServerInfo.swift */; };
/* End PBXBuildFile section */

/* Begin PBXContainerItemProxy section */
		5804C2EF29809BAB00DE121A /* PBXContainerItemProxy */ = {
			isa = PBXContainerItemProxy;
			containerPortal = 5804C2D029809BAA00DE121A /* Project object */;
			proxyType = 1;
			remoteGlobalIDString = 5804C2D729809BAA00DE121A;
			remoteInfo = "Test Project";
		};
		5804C2F929809BAB00DE121A /* PBXContainerItemProxy */ = {
			isa = PBXContainerItemProxy;
			containerPortal = 5804C2D029809BAA00DE121A /* Project object */;
			proxyType = 1;
			remoteGlobalIDString = 5804C2D729809BAA00DE121A;
			remoteInfo = "Test Project";
		};
/* End PBXContainerItemProxy section */

/* Begin PBXFileReference section */
		5804C2D829809BAA00DE121A /* Test Project.app */ = {isa = PBXFileReference; explicitFileType = wrapper.application; includeInIndex = 0; path = "Test Project.app"; sourceTree = BUILT_PRODUCTS_DIR; };
		5804C2DB29809BAA00DE121A /* Test_ProjectApp.swift */ = {isa = PBXFileReference; lastKnownFileType = sourcecode.swift; path = Test_ProjectApp.swift; sourceTree = "<group>"; };
		5804C2DD29809BAA00DE121A /* Persistence.swift */ = {isa = PBXFileReference; lastKnownFileType = sourcecode.swift; path = Persistence.swift; sourceTree = "<group>"; };
		5804C2E029809BAA00DE121A /* Test_Project.xcdatamodel */ = {isa = PBXFileReference; lastKnownFileType = wrapper.xcdatamodel; path = Test_Project.xcdatamodel; sourceTree = "<group>"; };
		5804C2E229809BAA00DE121A /* ContentView.swift */ = {isa = PBXFileReference; lastKnownFileType = sourcecode.swift; path = ContentView.swift; sourceTree = "<group>"; };
		5804C2E429809BAB00DE121A /* Assets.xcassets */ = {isa = PBXFileReference; lastKnownFileType = folder.assetcatalog; path = Assets.xcassets; sourceTree = "<group>"; };
		5804C2E629809BAB00DE121A /* Test_Project.entitlements */ = {isa = PBXFileReference; lastKnownFileType = text.plist.entitlements; path = Test_Project.entitlements; sourceTree = "<group>"; };
		5804C2E829809BAB00DE121A /* Preview Assets.xcassets */ = {isa = PBXFileReference; lastKnownFileType = folder.assetcatalog; path = "Preview Assets.xcassets"; sourceTree = "<group>"; };
		5804C2EE29809BAB00DE121A /* Test ProjectTests.xctest */ = {isa = PBXFileReference; explicitFileType = wrapper.cfbundle; includeInIndex = 0; path = "Test ProjectTests.xctest"; sourceTree = BUILT_PRODUCTS_DIR; };
		5804C2F229809BAB00DE121A /* Test_ProjectTests.swift */ = {isa = PBXFileReference; lastKnownFileType = sourcecode.swift; path = Test_ProjectTests.swift; sourceTree = "<group>"; };
		5804C2F829809BAB00DE121A /* Test ProjectUITests.xctest */ = {isa = PBXFileReference; explicitFileType = wrapper.cfbundle; includeInIndex = 0; path = "Test ProjectUITests.xctest"; sourceTree = BUILT_PRODUCTS_DIR; };
		5804C2FC29809BAB00DE121A /* Test_ProjectUITests.swift */ = {isa = PBXFileReference; lastKnownFileType = sourcecode.swift; path = Test_ProjectUITests.swift; sourceTree = "<group>"; };
		5804C2FE29809BAB00DE121A /* Test_ProjectUITestsLaunchTests.swift */ = {isa = PBXFileReference; lastKnownFileType = sourcecode.swift; path = Test_ProjectUITestsLaunchTests.swift; sourceTree = "<group>"; };
		58DC4FC1298B433A00045B6E /* ProcStat.swift */ = {isa = PBXFileReference; fileEncoding = 4; lastKnownFileType = sourcecode.swift; path = ProcStat.swift; sourceTree = "<group>"; };
		58DC4FC4298B4DD100045B6E /* ServerWebsocketId.swift */ = {isa = PBXFileReference; lastKnownFileType = sourcecode.swift; path = ServerWebsocketId.swift; sourceTree = "<group>"; };
		58DC4FC7298B4E0A00045B6E /* ServerInfo.swift */ = {isa = PBXFileReference; lastKnownFileType = sourcecode.swift; path = ServerInfo.swift; sourceTree = "<group>"; };
/* End PBXFileReference section */

/* Begin PBXFrameworksBuildPhase section */
		5804C2D529809BAA00DE121A /* Frameworks */ = {
			isa = PBXFrameworksBuildPhase;
			buildActionMask = 2147483647;
			files = (
				589C6CE4298A038B00D1DDC3 /* JsonRPC in Frameworks */,
				589C6CE6298A038B00D1DDC3 /* JsonRPCSerializable in Frameworks */,
			);
			runOnlyForDeploymentPostprocessing = 0;
		};
		5804C2EB29809BAB00DE121A /* Frameworks */ = {
			isa = PBXFrameworksBuildPhase;
			buildActionMask = 2147483647;
			files = (
			);
			runOnlyForDeploymentPostprocessing = 0;
		};
		5804C2F529809BAB00DE121A /* Frameworks */ = {
			isa = PBXFrameworksBuildPhase;
			buildActionMask = 2147483647;
			files = (
			);
			runOnlyForDeploymentPostprocessing = 0;
		};
/* End PBXFrameworksBuildPhase section */

/* Begin PBXGroup section */
		5804C2CF29809BAA00DE121A = {
			isa = PBXGroup;
			children = (
				5804C2DA29809BAA00DE121A /* Test Project */,
				5804C2F129809BAB00DE121A /* Test ProjectTests */,
				5804C2FB29809BAB00DE121A /* Test ProjectUITests */,
				5804C2D929809BAA00DE121A /* Products */,
			);
			sourceTree = "<group>";
		};
		5804C2D929809BAA00DE121A /* Products */ = {
			isa = PBXGroup;
			children = (
				5804C2D829809BAA00DE121A /* Test Project.app */,
				5804C2EE29809BAB00DE121A /* Test ProjectTests.xctest */,
				5804C2F829809BAB00DE121A /* Test ProjectUITests.xctest */,
			);
			name = Products;
			sourceTree = "<group>";
		};
		5804C2DA29809BAA00DE121A /* Test Project */ = {
			isa = PBXGroup;
			children = (
				58DC4FC3298B4DB500045B6E /* Responses */,
				58DC4FC0298B3DF200045B6E /* Notifications */,
				5804C2DB29809BAA00DE121A /* Test_ProjectApp.swift */,
				5804C2DD29809BAA00DE121A /* Persistence.swift */,
				5804C2E229809BAA00DE121A /* ContentView.swift */,
				5804C2E429809BAB00DE121A /* Assets.xcassets */,
				5804C2E629809BAB00DE121A /* Test_Project.entitlements */,
				5804C2DF29809BAA00DE121A /* Test_Project.xcdatamodeld */,
				5804C2E729809BAB00DE121A /* Preview Content */,
			);
			path = "Test Project";
			sourceTree = "<group>";
		};
		5804C2E729809BAB00DE121A /* Preview Content */ = {
			isa = PBXGroup;
			children = (
				5804C2E829809BAB00DE121A /* Preview Assets.xcassets */,
			);
			path = "Preview Content";
			sourceTree = "<group>";
		};
		5804C2F129809BAB00DE121A /* Test ProjectTests */ = {
			isa = PBXGroup;
			children = (
				5804C2F229809BAB00DE121A /* Test_ProjectTests.swift */,
			);
			path = "Test ProjectTests";
			sourceTree = "<group>";
		};
		5804C2FB29809BAB00DE121A /* Test ProjectUITests */ = {
			isa = PBXGroup;
			children = (
				5804C2FC29809BAB00DE121A /* Test_ProjectUITests.swift */,
				5804C2FE29809BAB00DE121A /* Test_ProjectUITestsLaunchTests.swift */,
			);
			path = "Test ProjectUITests";
			sourceTree = "<group>";
		};
		58DC4FC0298B3DF200045B6E /* Notifications */ = {
			isa = PBXGroup;
			children = (
				58DC4FC1298B433A00045B6E /* ProcStat.swift */,
			);
			path = Notifications;
			sourceTree = "<group>";
		};
		58DC4FC3298B4DB500045B6E /* Responses */ = {
			isa = PBXGroup;
			children = (
				58DC4FC4298B4DD100045B6E /* ServerWebsocketId.swift */,
				58DC4FC7298B4E0A00045B6E /* ServerInfo.swift */,
			);
			path = Responses;
			sourceTree = "<group>";
		};
/* End PBXGroup section */

/* Begin PBXNativeTarget section */
		5804C2D729809BAA00DE121A /* Test Project */ = {
			isa = PBXNativeTarget;
			buildConfigurationList = 5804C30229809BAB00DE121A /* Build configuration list for PBXNativeTarget "Test Project" */;
			buildPhases = (
				5804C2D429809BAA00DE121A /* Sources */,
				5804C2D529809BAA00DE121A /* Frameworks */,
				5804C2D629809BAA00DE121A /* Resources */,
			);
			buildRules = (
			);
			dependencies = (
			);
			name = "Test Project";
			packageProductDependencies = (
				589C6CE3298A038B00D1DDC3 /* JsonRPC */,
				589C6CE5298A038B00D1DDC3 /* JsonRPCSerializable */,
			);
			productName = "Test Project";
			productReference = 5804C2D829809BAA00DE121A /* Test Project.app */;
			productType = "com.apple.product-type.application";
		};
		5804C2ED29809BAB00DE121A /* Test ProjectTests */ = {
			isa = PBXNativeTarget;
			buildConfigurationList = 5804C30529809BAB00DE121A /* Build configuration list for PBXNativeTarget "Test ProjectTests" */;
			buildPhases = (
				5804C2EA29809BAB00DE121A /* Sources */,
				5804C2EB29809BAB00DE121A /* Frameworks */,
				5804C2EC29809BAB00DE121A /* Resources */,
			);
			buildRules = (
			);
			dependencies = (
				5804C2F029809BAB00DE121A /* PBXTargetDependency */,
			);
			name = "Test ProjectTests";
			productName = "Test ProjectTests";
			productReference = 5804C2EE29809BAB00DE121A /* Test ProjectTests.xctest */;
			productType = "com.apple.product-type.bundle.unit-test";
		};
		5804C2F729809BAB00DE121A /* Test ProjectUITests */ = {
			isa = PBXNativeTarget;
			buildConfigurationList = 5804C30829809BAB00DE121A /* Build configuration list for PBXNativeTarget "Test ProjectUITests" */;
			buildPhases = (
				5804C2F429809BAB00DE121A /* Sources */,
				5804C2F529809BAB00DE121A /* Frameworks */,
				5804C2F629809BAB00DE121A /* Resources */,
			);
			buildRules = (
			);
			dependencies = (
				5804C2FA29809BAB00DE121A /* PBXTargetDependency */,
			);
			name = "Test ProjectUITests";
			productName = "Test ProjectUITests";
			productReference = 5804C2F829809BAB00DE121A /* Test ProjectUITests.xctest */;
			productType = "com.apple.product-type.bundle.ui-testing";
		};
/* End PBXNativeTarget section */

/* Begin PBXProject section */
		5804C2D029809BAA00DE121A /* Project object */ = {
			isa = PBXProject;
			attributes = {
				BuildIndependentTargetsInParallel = 1;
				LastSwiftUpdateCheck = 1420;
				LastUpgradeCheck = 1420;
				TargetAttributes = {
					5804C2D729809BAA00DE121A = {
						CreatedOnToolsVersion = 14.2;
					};
					5804C2ED29809BAB00DE121A = {
						CreatedOnToolsVersion = 14.2;
						TestTargetID = 5804C2D729809BAA00DE121A;
					};
					5804C2F729809BAB00DE121A = {
						CreatedOnToolsVersion = 14.2;
						TestTargetID = 5804C2D729809BAA00DE121A;
					};
				};
			};
			buildConfigurationList = 5804C2D329809BAA00DE121A /* Build configuration list for PBXProject "Test Project" */;
			compatibilityVersion = "Xcode 14.0";
			developmentRegion = en;
			hasScannedForEncodings = 0;
			knownRegions = (
				en,
				Base,
			);
			mainGroup = 5804C2CF29809BAA00DE121A;
			packageReferences = (
				589C6CE2298A038B00D1DDC3 /* XCRemoteSwiftPackageReference "JsonRPC.swift" */,
			);
			productRefGroup = 5804C2D929809BAA00DE121A /* Products */;
			projectDirPath = "";
			projectRoot = "";
			targets = (
				5804C2D729809BAA00DE121A /* Test Project */,
				5804C2ED29809BAB00DE121A /* Test ProjectTests */,
				5804C2F729809BAB00DE121A /* Test ProjectUITests */,
			);
		};
/* End PBXProject section */

/* Begin PBXResourcesBuildPhase section */
		5804C2D629809BAA00DE121A /* Resources */ = {
			isa = PBXResourcesBuildPhase;
			buildActionMask = 2147483647;
			files = (
				5804C2E929809BAB00DE121A /* Preview Assets.xcassets in Resources */,
				5804C2E529809BAB00DE121A /* Assets.xcassets in Resources */,
			);
			runOnlyForDeploymentPostprocessing = 0;
		};
		5804C2EC29809BAB00DE121A /* Resources */ = {
			isa = PBXResourcesBuildPhase;
			buildActionMask = 2147483647;
			files = (
			);
			runOnlyForDeploymentPostprocessing = 0;
		};
		5804C2F629809BAB00DE121A /* Resources */ = {
			isa = PBXResourcesBuildPhase;
			buildActionMask = 2147483647;
			files = (
			);
			runOnlyForDeploymentPostprocessing = 0;
		};
/* End PBXResourcesBuildPhase section */

/* Begin PBXSourcesBuildPhase section */
		5804C2D429809BAA00DE121A /* Sources */ = {
			isa = PBXSourcesBuildPhase;
			buildActionMask = 2147483647;
			files = (
				58DC4FC8298B4E0A00045B6E /* ServerInfo.swift in Sources */,
				5804C2E129809BAA00DE121A /* Test_Project.xcdatamodeld in Sources */,
				58DC4FC5298B4DD100045B6E /* ServerWebsocketId.swift in Sources */,
				5804C2DC29809BAA00DE121A /* Test_ProjectApp.swift in Sources */,
				58DC4FC2298B433A00045B6E /* ProcStat.swift in Sources */,
				5804C2E329809BAA00DE121A /* ContentView.swift in Sources */,
				5804C2DE29809BAA00DE121A /* Persistence.swift in Sources */,
			);
			runOnlyForDeploymentPostprocessing = 0;
		};
		5804C2EA29809BAB00DE121A /* Sources */ = {
			isa = PBXSourcesBuildPhase;
			buildActionMask = 2147483647;
			files = (
				5804C2F329809BAB00DE121A /* Test_ProjectTests.swift in Sources */,
			);
			runOnlyForDeploymentPostprocessing = 0;
		};
		5804C2F429809BAB00DE121A /* Sources */ = {
			isa = PBXSourcesBuildPhase;
			buildActionMask = 2147483647;
			files = (
				5804C2FF29809BAB00DE121A /* Test_ProjectUITestsLaunchTests.swift in Sources */,
				5804C2FD29809BAB00DE121A /* Test_ProjectUITests.swift in Sources */,
			);
			runOnlyForDeploymentPostprocessing = 0;
		};
/* End PBXSourcesBuildPhase section */

/* Begin PBXTargetDependency section */
		5804C2F029809BAB00DE121A /* PBXTargetDependency */ = {
			isa = PBXTargetDependency;
			target = 5804C2D729809BAA00DE121A /* Test Project */;
			targetProxy = 5804C2EF29809BAB00DE121A /* PBXContainerItemProxy */;
		};
		5804C2FA29809BAB00DE121A /* PBXTargetDependency */ = {
			isa = PBXTargetDependency;
			target = 5804C2D729809BAA00DE121A /* Test Project */;
			targetProxy = 5804C2F929809BAB00DE121A /* PBXContainerItemProxy */;
		};
/* End PBXTargetDependency section */

/* Begin XCBuildConfiguration section */
		5804C30029809BAB00DE121A /* Debug */ = {
			isa = XCBuildConfiguration;
			buildSettings = {
				ALWAYS_SEARCH_USER_PATHS = NO;
				CLANG_ANALYZER_NONNULL = YES;
				CLANG_ANALYZER_NUMBER_OBJECT_CONVERSION = YES_AGGRESSIVE;
				CLANG_CXX_LANGUAGE_STANDARD = "gnu++20";
				CLANG_ENABLE_MODULES = YES;
				CLANG_ENABLE_OBJC_ARC = YES;
				CLANG_ENABLE_OBJC_WEAK = YES;
				CLANG_WARN_BLOCK_CAPTURE_AUTORELEASING = YES;
				CLANG_WARN_BOOL_CONVERSION = YES;
				CLANG_WARN_COMMA = YES;
				CLANG_WARN_CONSTANT_CONVERSION = YES;
				CLANG_WARN_DEPRECATED_OBJC_IMPLEMENTATIONS = YES;
				CLANG_WARN_DIRECT_OBJC_ISA_USAGE = YES_ERROR;
				CLANG_WARN_DOCUMENTATION_COMMENTS = YES;
				CLANG_WARN_EMPTY_BODY = YES;
				CLANG_WARN_ENUM_CONVERSION = YES;
				CLANG_WARN_INFINITE_RECURSION = YES;
				CLANG_WARN_INT_CONVERSION = YES;
				CLANG_WARN_NON_LITERAL_NULL_CONVERSION = YES;
				CLANG_WARN_OBJC_IMPLICIT_RETAIN_SELF = YES;
				CLANG_WARN_OBJC_LITERAL_CONVERSION = YES;
				CLANG_WARN_OBJC_ROOT_CLASS = YES_ERROR;
				CLANG_WARN_QUOTED_INCLUDE_IN_FRAMEWORK_HEADER = YES;
				CLANG_WARN_RANGE_LOOP_ANALYSIS = YES;
				CLANG_WARN_STRICT_PROTOTYPES = YES;
				CLANG_WARN_SUSPICIOUS_MOVE = YES;
				CLANG_WARN_UNGUARDED_AVAILABILITY = YES_AGGRESSIVE;
				CLANG_WARN_UNREACHABLE_CODE = YES;
				CLANG_WARN__DUPLICATE_METHOD_MATCH = YES;
				COPY_PHASE_STRIP = NO;
				DEBUG_INFORMATION_FORMAT = dwarf;
				ENABLE_STRICT_OBJC_MSGSEND = YES;
				ENABLE_TESTABILITY = YES;
				GCC_C_LANGUAGE_STANDARD = gnu11;
				GCC_DYNAMIC_NO_PIC = NO;
				GCC_NO_COMMON_BLOCKS = YES;
				GCC_OPTIMIZATION_LEVEL = 0;
				GCC_PREPROCESSOR_DEFINITIONS = (
					"DEBUG=1",
					"$(inherited)",
				);
				GCC_WARN_64_TO_32_BIT_CONVERSION = YES;
				GCC_WARN_ABOUT_RETURN_TYPE = YES_ERROR;
				GCC_WARN_UNDECLARED_SELECTOR = YES;
				GCC_WARN_UNINITIALIZED_AUTOS = YES_AGGRESSIVE;
				GCC_WARN_UNUSED_FUNCTION = YES;
				GCC_WARN_UNUSED_VARIABLE = YES;
				MTL_ENABLE_DEBUG_INFO = INCLUDE_SOURCE;
				MTL_FAST_MATH = YES;
				ONLY_ACTIVE_ARCH = YES;
				SWIFT_ACTIVE_COMPILATION_CONDITIONS = DEBUG;
				SWIFT_OPTIMIZATION_LEVEL = "-Onone";
			};
			name = Debug;
		};
		5804C30129809BAB00DE121A /* Release */ = {
			isa = XCBuildConfiguration;
			buildSettings = {
				ALWAYS_SEARCH_USER_PATHS = NO;
				CLANG_ANALYZER_NONNULL = YES;
				CLANG_ANALYZER_NUMBER_OBJECT_CONVERSION = YES_AGGRESSIVE;
				CLANG_CXX_LANGUAGE_STANDARD = "gnu++20";
				CLANG_ENABLE_MODULES = YES;
				CLANG_ENABLE_OBJC_ARC = YES;
				CLANG_ENABLE_OBJC_WEAK = YES;
				CLANG_WARN_BLOCK_CAPTURE_AUTORELEASING = YES;
				CLANG_WARN_BOOL_CONVERSION = YES;
				CLANG_WARN_COMMA = YES;
				CLANG_WARN_CONSTANT_CONVERSION = YES;
				CLANG_WARN_DEPRECATED_OBJC_IMPLEMENTATIONS = YES;
				CLANG_WARN_DIRECT_OBJC_ISA_USAGE = YES_ERROR;
				CLANG_WARN_DOCUMENTATION_COMMENTS = YES;
				CLANG_WARN_EMPTY_BODY = YES;
				CLANG_WARN_ENUM_CONVERSION = YES;
				CLANG_WARN_INFINITE_RECURSION = YES;
				CLANG_WARN_INT_CONVERSION = YES;
				CLANG_WARN_NON_LITERAL_NULL_CONVERSION = YES;
				CLANG_WARN_OBJC_IMPLICIT_RETAIN_SELF = YES;
				CLANG_WARN_OBJC_LITERAL_CONVERSION = YES;
				CLANG_WARN_OBJC_ROOT_CLASS = YES_ERROR;
				CLANG_WARN_QUOTED_INCLUDE_IN_FRAMEWORK_HEADER = YES;
				CLANG_WARN_RANGE_LOOP_ANALYSIS = YES;
				CLANG_WARN_STRICT_PROTOTYPES = YES;
				CLANG_WARN_SUSPICIOUS_MOVE = YES;
				CLANG_WARN_UNGUARDED_AVAILABILITY = YES_AGGRESSIVE;
				CLANG_WARN_UNREACHABLE_CODE = YES;
				CLANG_WARN__DUPLICATE_METHOD_MATCH = YES;
				COPY_PHASE_STRIP = NO;
				DEBUG_INFORMATION_FORMAT = "dwarf-with-dsym";
				ENABLE_NS_ASSERTIONS = NO;
				ENABLE_STRICT_OBJC_MSGSEND = YES;
				GCC_C_LANGUAGE_STANDARD = gnu11;
				GCC_NO_COMMON_BLOCKS = YES;
				GCC_WARN_64_TO_32_BIT_CONVERSION = YES;
				GCC_WARN_ABOUT_RETURN_TYPE = YES_ERROR;
				GCC_WARN_UNDECLARED_SELECTOR = YES;
				GCC_WARN_UNINITIALIZED_AUTOS = YES_AGGRESSIVE;
				GCC_WARN_UNUSED_FUNCTION = YES;
				GCC_WARN_UNUSED_VARIABLE = YES;
				MTL_ENABLE_DEBUG_INFO = NO;
				MTL_FAST_MATH = YES;
				SWIFT_COMPILATION_MODE = wholemodule;
				SWIFT_OPTIMIZATION_LEVEL = "-O";
			};
			name = Release;
		};
		5804C30329809BAB00DE121A /* Debug */ = {
			isa = XCBuildConfiguration;
			buildSettings = {
				ASSETCATALOG_COMPILER_APPICON_NAME = AppIcon;
				ASSETCATALOG_COMPILER_GLOBAL_ACCENT_COLOR_NAME = AccentColor;
				CODE_SIGN_ENTITLEMENTS = "Test Project/Test_Project.entitlements";
				CODE_SIGN_STYLE = Automatic;
				CURRENT_PROJECT_VERSION = 1;
				DEVELOPMENT_ASSET_PATHS = "\"Test Project/Preview Content\"";
				ENABLE_PREVIEWS = YES;
				GENERATE_INFOPLIST_FILE = YES;
				"INFOPLIST_KEY_UIApplicationSceneManifest_Generation[sdk=iphoneos*]" = YES;
				"INFOPLIST_KEY_UIApplicationSceneManifest_Generation[sdk=iphonesimulator*]" = YES;
				"INFOPLIST_KEY_UIApplicationSupportsIndirectInputEvents[sdk=iphoneos*]" = YES;
				"INFOPLIST_KEY_UIApplicationSupportsIndirectInputEvents[sdk=iphonesimulator*]" = YES;
				"INFOPLIST_KEY_UILaunchScreen_Generation[sdk=iphoneos*]" = YES;
				"INFOPLIST_KEY_UILaunchScreen_Generation[sdk=iphonesimulator*]" = YES;
				"INFOPLIST_KEY_UIStatusBarStyle[sdk=iphoneos*]" = UIStatusBarStyleDefault;
				"INFOPLIST_KEY_UIStatusBarStyle[sdk=iphonesimulator*]" = UIStatusBarStyleDefault;
				INFOPLIST_KEY_UISupportedInterfaceOrientations_iPad = "UIInterfaceOrientationPortrait UIInterfaceOrientationPortraitUpsideDown UIInterfaceOrientationLandscapeLeft UIInterfaceOrientationLandscapeRight";
				INFOPLIST_KEY_UISupportedInterfaceOrientations_iPhone = "UIInterfaceOrientationPortrait UIInterfaceOrientationLandscapeLeft UIInterfaceOrientationLandscapeRight";
				IPHONEOS_DEPLOYMENT_TARGET = 16.2;
				LD_RUNPATH_SEARCH_PATHS = "@executable_path/Frameworks";
				"LD_RUNPATH_SEARCH_PATHS[sdk=macosx*]" = "@executable_path/../Frameworks";
				MACOSX_DEPLOYMENT_TARGET = 13.1;
				MARKETING_VERSION = 1.0;
				PRODUCT_BUNDLE_IDENTIFIER = "com.havocstudios.Test-Project";
				PRODUCT_NAME = "$(TARGET_NAME)";
				SDKROOT = auto;
				SUPPORTED_PLATFORMS = "iphoneos iphonesimulator macosx";
				SWIFT_EMIT_LOC_STRINGS = YES;
				SWIFT_VERSION = 5.0;
				TARGETED_DEVICE_FAMILY = "1,2";
			};
			name = Debug;
		};
		5804C30429809BAB00DE121A /* Release */ = {
			isa = XCBuildConfiguration;
			buildSettings = {
				ASSETCATALOG_COMPILER_APPICON_NAME = AppIcon;
				ASSETCATALOG_COMPILER_GLOBAL_ACCENT_COLOR_NAME = AccentColor;
				CODE_SIGN_ENTITLEMENTS = "Test Project/Test_Project.entitlements";
				CODE_SIGN_STYLE = Automatic;
				CURRENT_PROJECT_VERSION = 1;
				DEVELOPMENT_ASSET_PATHS = "\"Test Project/Preview Content\"";
				ENABLE_PREVIEWS = YES;
				GENERATE_INFOPLIST_FILE = YES;
				"INFOPLIST_KEY_UIApplicationSceneManifest_Generation[sdk=iphoneos*]" = YES;
				"INFOPLIST_KEY_UIApplicationSceneManifest_Generation[sdk=iphonesimulator*]" = YES;
				"INFOPLIST_KEY_UIApplicationSupportsIndirectInputEvents[sdk=iphoneos*]" = YES;
				"INFOPLIST_KEY_UIApplicationSupportsIndirectInputEvents[sdk=iphonesimulator*]" = YES;
				"INFOPLIST_KEY_UILaunchScreen_Generation[sdk=iphoneos*]" = YES;
				"INFOPLIST_KEY_UILaunchScreen_Generation[sdk=iphonesimulator*]" = YES;
				"INFOPLIST_KEY_UIStatusBarStyle[sdk=iphoneos*]" = UIStatusBarStyleDefault;
				"INFOPLIST_KEY_UIStatusBarStyle[sdk=iphonesimulator*]" = UIStatusBarStyleDefault;
				INFOPLIST_KEY_UISupportedInterfaceOrientations_iPad = "UIInterfaceOrientationPortrait UIInterfaceOrientationPortraitUpsideDown UIInterfaceOrientationLandscapeLeft UIInterfaceOrientationLandscapeRight";
				INFOPLIST_KEY_UISupportedInterfaceOrientations_iPhone = "UIInterfaceOrientationPortrait UIInterfaceOrientationLandscapeLeft UIInterfaceOrientationLandscapeRight";
				IPHONEOS_DEPLOYMENT_TARGET = 16.2;
				LD_RUNPATH_SEARCH_PATHS = "@executable_path/Frameworks";
				"LD_RUNPATH_SEARCH_PATHS[sdk=macosx*]" = "@executable_path/../Frameworks";
				MACOSX_DEPLOYMENT_TARGET = 13.1;
				MARKETING_VERSION = 1.0;
				PRODUCT_BUNDLE_IDENTIFIER = "com.havocstudios.Test-Project";
				PRODUCT_NAME = "$(TARGET_NAME)";
				SDKROOT = auto;
				SUPPORTED_PLATFORMS = "iphoneos iphonesimulator macosx";
				SWIFT_EMIT_LOC_STRINGS = YES;
				SWIFT_VERSION = 5.0;
				TARGETED_DEVICE_FAMILY = "1,2";
			};
			name = Release;
		};
		5804C30629809BAB00DE121A /* Debug */ = {
			isa = XCBuildConfiguration;
			buildSettings = {
				ALWAYS_EMBED_SWIFT_STANDARD_LIBRARIES = YES;
				BUNDLE_LOADER = "$(TEST_HOST)";
				CODE_SIGN_STYLE = Automatic;
				CURRENT_PROJECT_VERSION = 1;
				GENERATE_INFOPLIST_FILE = YES;
				IPHONEOS_DEPLOYMENT_TARGET = 16.2;
				MACOSX_DEPLOYMENT_TARGET = 13.1;
				MARKETING_VERSION = 1.0;
				PRODUCT_BUNDLE_IDENTIFIER = "com.havocstudios.Test-ProjectTests";
				PRODUCT_NAME = "$(TARGET_NAME)";
				SDKROOT = auto;
				SUPPORTED_PLATFORMS = "iphoneos iphonesimulator macosx";
				SWIFT_EMIT_LOC_STRINGS = NO;
				SWIFT_VERSION = 5.0;
				TARGETED_DEVICE_FAMILY = "1,2";
				TEST_HOST = "$(BUILT_PRODUCTS_DIR)/Test Project.app/$(BUNDLE_EXECUTABLE_FOLDER_PATH)/Test Project";
			};
			name = Debug;
		};
		5804C30729809BAB00DE121A /* Release */ = {
			isa = XCBuildConfiguration;
			buildSettings = {
				ALWAYS_EMBED_SWIFT_STANDARD_LIBRARIES = YES;
				BUNDLE_LOADER = "$(TEST_HOST)";
				CODE_SIGN_STYLE = Automatic;
				CURRENT_PROJECT_VERSION = 1;
				GENERATE_INFOPLIST_FILE = YES;
				IPHONEOS_DEPLOYMENT_TARGET = 16.2;
				MACOSX_DEPLOYMENT_TARGET = 13.1;
				MARKETING_VERSION = 1.0;
				PRODUCT_BUNDLE_IDENTIFIER = "com.havocstudios.Test-ProjectTests";
				PRODUCT_NAME = "$(TARGET_NAME)";
				SDKROOT = auto;
				SUPPORTED_PLATFORMS = "iphoneos iphonesimulator macosx";
				SWIFT_EMIT_LOC_STRINGS = NO;
				SWIFT_VERSION = 5.0;
				TARGETED_DEVICE_FAMILY = "1,2";
				TEST_HOST = "$(BUILT_PRODUCTS_DIR)/Test Project.app/$(BUNDLE_EXECUTABLE_FOLDER_PATH)/Test Project";
			};
			name = Release;
		};
		5804C30929809BAB00DE121A /* Debug */ = {
			isa = XCBuildConfiguration;
			buildSettings = {
				ALWAYS_EMBED_SWIFT_STANDARD_LIBRARIES = YES;
				CODE_SIGN_STYLE = Automatic;
				CURRENT_PROJECT_VERSION = 1;
				GENERATE_INFOPLIST_FILE = YES;
				IPHONEOS_DEPLOYMENT_TARGET = 16.2;
				MACOSX_DEPLOYMENT_TARGET = 13.1;
				MARKETING_VERSION = 1.0;
				PRODUCT_BUNDLE_IDENTIFIER = "com.havocstudios.Test-ProjectUITests";
				PRODUCT_NAME = "$(TARGET_NAME)";
				SDKROOT = auto;
				SUPPORTED_PLATFORMS = "iphoneos iphonesimulator macosx";
				SWIFT_EMIT_LOC_STRINGS = NO;
				SWIFT_VERSION = 5.0;
				TARGETED_DEVICE_FAMILY = "1,2";
				TEST_TARGET_NAME = "Test Project";
			};
			name = Debug;
		};
		5804C30A29809BAB00DE121A /* Release */ = {
			isa = XCBuildConfiguration;
			buildSettings = {
				ALWAYS_EMBED_SWIFT_STANDARD_LIBRARIES = YES;
				CODE_SIGN_STYLE = Automatic;
				CURRENT_PROJECT_VERSION = 1;
				GENERATE_INFOPLIST_FILE = YES;
				IPHONEOS_DEPLOYMENT_TARGET = 16.2;
				MACOSX_DEPLOYMENT_TARGET = 13.1;
				MARKETING_VERSION = 1.0;
				PRODUCT_BUNDLE_IDENTIFIER = "com.havocstudios.Test-ProjectUITests";
				PRODUCT_NAME = "$(TARGET_NAME)";
				SDKROOT = auto;
				SUPPORTED_PLATFORMS = "iphoneos iphonesimulator macosx";
				SWIFT_EMIT_LOC_STRINGS = NO;
				SWIFT_VERSION = 5.0;
				TARGETED_DEVICE_FAMILY = "1,2";
				TEST_TARGET_NAME = "Test Project";
			};
			name = Release;
		};
/* End XCBuildConfiguration section */

/* Begin XCConfigurationList section */
		5804C2D329809BAA00DE121A /* Build configuration list for PBXProject "Test Project" */ = {
			isa = XCConfigurationList;
			buildConfigurations = (
				5804C30029809BAB00DE121A /* Debug */,
				5804C30129809BAB00DE121A /* Release */,
			);
			defaultConfigurationIsVisible = 0;
			defaultConfigurationName = Release;
		};
		5804C30229809BAB00DE121A /* Build configuration list for PBXNativeTarget "Test Project" */ = {
			isa = XCConfigurationList;
			buildConfigurations = (
				5804C30329809BAB00DE121A /* Debug */,
				5804C30429809BAB00DE121A /* Release */,
			);
			defaultConfigurationIsVisible = 0;
			defaultConfigurationName = Release;
		};
		5804C30529809BAB00DE121A /* Build configuration list for PBXNativeTarget "Test ProjectTests" */ = {
			isa = XCConfigurationList;
			buildConfigurations = (
				5804C30629809BAB00DE121A /* Debug */,
				5804C30729809BAB00DE121A /* Release */,
			);
			defaultConfigurationIsVisible = 0;
			defaultConfigurationName = Release;
		};
		5804C30829809BAB00DE121A /* Build configuration list for PBXNativeTarget "Test ProjectUITests" */ = {
			isa = XCConfigurationList;
			buildConfigurations = (
				5804C30929809BAB00DE121A /* Debug */,
				5804C30A29809BAB00DE121A /* Release */,
			);
			defaultConfigurationIsVisible = 0;
			defaultConfigurationName = Release;
		};
/* End XCConfigurationList section */

/* Begin XCRemoteSwiftPackageReference section */
		589C6CE2298A038B00D1DDC3 /* XCRemoteSwiftPackageReference "JsonRPC.swift" */ = {
			isa = XCRemoteSwiftPackageReference;
			repositoryURL = "https://github.com/tesseract-one/JsonRPC.swift.git";
			requirement = {
				branch = main;
				kind = branch;
			};
		};
/* End XCRemoteSwiftPackageReference section */

/* Begin XCSwiftPackageProductDependency section */
		589C6CE3298A038B00D1DDC3 /* JsonRPC */ = {
			isa = XCSwiftPackageProductDependency;
			package = 589C6CE2298A038B00D1DDC3 /* XCRemoteSwiftPackageReference "JsonRPC.swift" */;
			productName = JsonRPC;
		};
		589C6CE5298A038B00D1DDC3 /* JsonRPCSerializable */ = {
			isa = XCSwiftPackageProductDependency;
			package = 589C6CE2298A038B00D1DDC3 /* XCRemoteSwiftPackageReference "JsonRPC.swift" */;
			productName = JsonRPCSerializable;
		};
/* End XCSwiftPackageProductDependency section */

/* Begin XCVersionGroup section */
		5804C2DF29809BAA00DE121A /* Test_Project.xcdatamodeld */ = {
			isa = XCVersionGroup;
			children = (
				5804C2E029809BAA00DE121A /* Test_Project.xcdatamodel */,
			);
			currentVersion = 5804C2E029809BAA00DE121A /* Test_Project.xcdatamodel */;
			path = Test_Project.xcdatamodeld;
			sourceTree = "<group>";
			versionGroupType = wrapper.xcdatamodel;
		};
/* End XCVersionGroup section */
	};
	rootObject = 5804C2D029809BAA00DE121A /* Project object */;
}
